
Microsoft Visual Studio Solution File, Format Version 12.00
# Visual Studio Version 17
VisualStudioVersion = 17.3.32825.248
MinimumVisualStudioVersion = 10.0.40219.1
Project("{FAE04EC0-301F-11D3-BF4B-00C04F79EFBC}") = "Catalog", "Catalog\Catalog.csproj", "{8BC00CE2-C5BB-40AE-ADEE-0152AC82E89A}"
EndProject
Global
	GlobalSection(SolutionConfigurationPlatforms) = preSolution
		Debug|Any CPU = Debug|Any CPU
		Release|Any CPU = Release|Any CPU
	EndGlobalSection
	GlobalSection(ProjectConfigurationPlatforms) = postSolution
		{8BC00CE2-C5BB-40AE-ADEE-0152AC82E89A}.Debug|Any CPU.ActiveCfg = Debug|Any CPU
		{8BC00CE2-C5BB-40AE-ADEE-0152AC82E89A}.Debug|Any CPU.Build.0 = Debug|Any CPU
		{8BC00CE2-C5BB-40AE-ADEE-0152AC82E89A}.Release|Any CPU.ActiveCfg = Release|Any CPU
		{8BC00CE2-C5BB-40AE-ADEE-0152AC82E89A}.Release|Any CPU.Build.0 = Release|Any CPU
	EndGlobalSection
	GlobalSection(SolutionProperties) = preSolution
		HideSolutionNode = FALSE
	EndGlobalSection
	GlobalSection(ExtensibilityGlobals) = postSolution
		SolutionGuid = {44B53479-E551-440D-952B-B12E73DA3C46}
	EndGlobalSection
EndGlobal
